
Microsoft Visual Studio Solution File, Format Version 12.00
# Visual Studio Version 17
VisualStudioVersion = 17.6.33801.468
MinimumVisualStudioVersion = 10.0.40219.1
Project("{FAE04EC0-301F-11D3-BF4B-00C04F79EFBC}") = "StealthyEnv", "StealthyEnv\StealthyEnv.csproj", "{7323D843-4AC4-4238-86A9-72C065C9E608}"
EndProject
Global
	GlobalSection(SolutionConfigurationPlatforms) = preSolution
		Debug|Any CPU = Debug|Any CPU
		Debug|x64 = Debug|x64
		Release|Any CPU = Release|Any CPU
		Release|x64 = Release|x64
	EndGlobalSection
	GlobalSection(ProjectConfigurationPlatforms) = postSolution
		{7323D843-4AC4-4238-86A9-72C065C9E608}.Debug|Any CPU.ActiveCfg = Debug|Any CPU
		{7323D843-4AC4-4238-86A9-72C065C9E608}.Debug|Any CPU.Build.0 = Debug|Any CPU
		{7323D843-4AC4-4238-86A9-72C065C9E608}.Debug|x64.ActiveCfg = Debug|x64
		{7323D843-4AC4-4238-86A9-72C065C9E608}.Debug|x64.Build.0 = Debug|x64
		{7323D843-4AC4-4238-86A9-72C065C9E608}.Release|Any CPU.ActiveCfg = Release|Any CPU
		{7323D843-4AC4-4238-86A9-72C065C9E608}.Release|Any CPU.Build.0 = Release|Any CPU
		{7323D843-4AC4-4238-86A9-72C065C9E608}.Release|x64.ActiveCfg = Release|x64
		{7323D843-4AC4-4238-86A9-72C065C9E608}.Release|x64.Build.0 = Release|x64
	EndGlobalSection
	GlobalSection(SolutionProperties) = preSolution
		HideSolutionNode = FALSE
	EndGlobalSection
	GlobalSection(ExtensibilityGlobals) = postSolution
		SolutionGuid = {BE5948D5-07E3-4037-AEC3-B0EFC827413D}
	EndGlobalSection
EndGlobal
